// !$*UTF8*$!
{
	archiveVersion = 1;
	classes = {
	};
	objectVersion = 46;
	objects = {

/* Begin PBXBuildFile section */
		975BE1271DAF28F900A3AD32 /* AppDelegate.swift in Sources */ = {isa = PBXBuildFile; fileRef = 975BE1261DAF28F900A3AD32 /* AppDelegate.swift */; };
		975BE1291DAF28F900A3AD32 /* ViewController.swift in Sources */ = {isa = PBXBuildFile; fileRef = 975BE1281DAF28F900A3AD32 /* ViewController.swift */; };
		975BE12C1DAF28F900A3AD32 /* Main.storyboard in Resources */ = {isa = PBXBuildFile; fileRef = 975BE12A1DAF28F900A3AD32 /* Main.storyboard */; };
		975BE12E1DAF28F900A3AD32 /* Assets.xcassets in Resources */ = {isa = PBXBuildFile; fileRef = 975BE12D1DAF28F900A3AD32 /* Assets.xcassets */; };
		975BE1311DAF28F900A3AD32 /* LaunchScreen.storyboard in Resources */ = {isa = PBXBuildFile; fileRef = 975BE12F1DAF28F900A3AD32 /* LaunchScreen.storyboard */; };
		975BE13C1DAF28FA00A3AD32 /* TumblerFeedTests.swift in Sources */ = {isa = PBXBuildFile; fileRef = 975BE13B1DAF28FA00A3AD32 /* TumblerFeedTests.swift */; };
		975BE1471DAF28FA00A3AD32 /* TumblerFeedUITests.swift in Sources */ = {isa = PBXBuildFile; fileRef = 975BE1461DAF28FA00A3AD32 /* TumblerFeedUITests.swift */; };
/* End PBXBuildFile section */

/* Begin PBXContainerItemProxy section */
		975BE1381DAF28F900A3AD32 /* PBXContainerItemProxy */ = {
			isa = PBXContainerItemProxy;
			containerPortal = 975BE11B1DAF28F900A3AD32 /* Project object */;
			proxyType = 1;
			remoteGlobalIDString = 975BE1221DAF28F900A3AD32;
			remoteInfo = TumblerFeed;
		};
		975BE1431DAF28FA00A3AD32 /* PBXContainerItemProxy */ = {
			isa = PBXContainerItemProxy;
			containerPortal = 975BE11B1DAF28F900A3AD32 /* Project object */;
			proxyType = 1;
			remoteGlobalIDString = 975BE1221DAF28F900A3AD32;
			remoteInfo = TumblerFeed;
		};
/* End PBXContainerItemProxy section */

/* Begin PBXFileReference section */
		975BE1231DAF28F900A3AD32 /* TumblerFeed.app */ = {isa = PBXFileReference; explicitFileType = wrapper.application; includeInIndex = 0; path = TumblerFeed.app; sourceTree = BUILT_PRODUCTS_DIR; };
		975BE1261DAF28F900A3AD32 /* AppDelegate.swift */ = {isa = PBXFileReference; lastKnownFileType = sourcecode.swift; path = AppDelegate.swift; sourceTree = "<group>"; };
		975BE1281DAF28F900A3AD32 /* ViewController.swift */ = {isa = PBXFileReference; lastKnownFileType = sourcecode.swift; path = ViewController.swift; sourceTree = "<group>"; };
		975BE12B1DAF28F900A3AD32 /* Base */ = {isa = PBXFileReference; lastKnownFileType = file.storyboard; name = Base; path = Base.lproj/Main.storyboard; sourceTree = "<group>"; };
		975BE12D1DAF28F900A3AD32 /* Assets.xcassets */ = {isa = PBXFileReference; lastKnownFileType = folder.assetcatalog; path = Assets.xcassets; sourceTree = "<group>"; };
		975BE1301DAF28F900A3AD32 /* Base */ = {isa = PBXFileReference; lastKnownFileType = file.storyboard; name = Base; path = Base.lproj/LaunchScreen.storyboard; sourceTree = "<group>"; };
		975BE1321DAF28F900A3AD32 /* Info.plist */ = {isa = PBXFileReference; lastKnownFileType = text.plist.xml; path = Info.plist; sourceTree = "<group>"; };
		975BE1371DAF28F900A3AD32 /* TumblerFeedTests.xctest */ = {isa = PBXFileReference; explicitFileType = wrapper.cfbundle; includeInIndex = 0; path = TumblerFeedTests.xctest; sourceTree = BUILT_PRODUCTS_DIR; };
		975BE13B1DAF28FA00A3AD32 /* TumblerFeedTests.swift */ = {isa = PBXFileReference; lastKnownFileType = sourcecode.swift; path = TumblerFeedTests.swift; sourceTree = "<group>"; };
		975BE13D1DAF28FA00A3AD32 /* Info.plist */ = {isa = PBXFileReference; lastKnownFileType = text.plist.xml; path = Info.plist; sourceTree = "<group>"; };
		975BE1421DAF28FA00A3AD32 /* TumblerFeedUITests.xctest */ = {isa = PBXFileReference; explicitFileType = wrapper.cfbundle; includeInIndex = 0; path = TumblerFeedUITests.xctest; sourceTree = BUILT_PRODUCTS_DIR; };
		975BE1461DAF28FA00A3AD32 /* TumblerFeedUITests.swift */ = {isa = PBXFileReference; lastKnownFileType = sourcecode.swift; path = TumblerFeedUITests.swift; sourceTree = "<group>"; };
		975BE1481DAF28FA00A3AD32 /* Info.plist */ = {isa = PBXFileReference; lastKnownFileType = text.plist.xml; path = Info.plist; sourceTree = "<group>"; };
/* End PBXFileReference section */

/* Begin PBXFrameworksBuildPhase section */
		975BE1201DAF28F900A3AD32 /* Frameworks */ = {
			isa = PBXFrameworksBuildPhase;
			buildActionMask = 2147483647;
			files = (
			);
			runOnlyForDeploymentPostprocessing = 0;
		};
		975BE1341DAF28F900A3AD32 /* Frameworks */ = {
			isa = PBXFrameworksBuildPhase;
			buildActionMask = 2147483647;
			files = (
			);
			runOnlyForDeploymentPostprocessing = 0;
		};
		975BE13F1DAF28FA00A3AD32 /* Frameworks */ = {
			isa = PBXFrameworksBuildPhase;
			buildActionMask = 2147483647;
			files = (
			);
			runOnlyForDeploymentPostprocessing = 0;
		};
/* End PBXFrameworksBuildPhase section */

/* Begin PBXGroup section */
		975BE11A1DAF28F900A3AD32 = {
			isa = PBXGroup;
			children = (
				975BE1251DAF28F900A3AD32 /* TumblerFeed */,
				975BE13A1DAF28FA00A3AD32 /* TumblerFeedTests */,
				975BE1451DAF28FA00A3AD32 /* TumblerFeedUITests */,
				975BE1241DAF28F900A3AD32 /* Products */,
			);
			sourceTree = "<group>";
		};
		975BE1241DAF28F900A3AD32 /* Products */ = {
			isa = PBXGroup;
			children = (
				975BE1231DAF28F900A3AD32 /* TumblerFeed.app */,
				975BE1371DAF28F900A3AD32 /* TumblerFeedTests.xctest */,
				975BE1421DAF28FA00A3AD32 /* TumblerFeedUITests.xctest */,
			);
			name = Products;
			sourceTree = "<group>";
		};
		975BE1251DAF28F900A3AD32 /* TumblerFeed */ = {
			isa = PBXGroup;
			children = (
				975BE1261DAF28F900A3AD32 /* AppDelegate.swift */,
				975BE1281DAF28F900A3AD32 /* ViewController.swift */,
				975BE12A1DAF28F900A3AD32 /* Main.storyboard */,
				975BE12D1DAF28F900A3AD32 /* Assets.xcassets */,
				975BE12F1DAF28F900A3AD32 /* LaunchScreen.storyboard */,
				975BE1321DAF28F900A3AD32 /* Info.plist */,
			);
			path = TumblerFeed;
			sourceTree = "<group>";
		};
		975BE13A1DAF28FA00A3AD32 /* TumblerFeedTests */ = {
			isa = PBXGroup;
			children = (
				975BE13B1DAF28FA00A3AD32 /* TumblerFeedTests.swift */,
				975BE13D1DAF28FA00A3AD32 /* Info.plist */,
			);
			path = TumblerFeedTests;
			sourceTree = "<group>";
		};
		975BE1451DAF28FA00A3AD32 /* TumblerFeedUITests */ = {
			isa = PBXGroup;
			children = (
				975BE1461DAF28FA00A3AD32 /* TumblerFeedUITests.swift */,
				975BE1481DAF28FA00A3AD32 /* Info.plist */,
			);
			path = TumblerFeedUITests;
			sourceTree = "<group>";
		};
/* End PBXGroup section */

/* Begin PBXNativeTarget section */
		975BE1221DAF28F900A3AD32 /* TumblerFeed */ = {
			isa = PBXNativeTarget;
			buildConfigurationList = 975BE14B1DAF28FA00A3AD32 /* Build configuration list for PBXNativeTarget "TumblerFeed" */;
			buildPhases = (
				975BE11F1DAF28F900A3AD32 /* Sources */,
				975BE1201DAF28F900A3AD32 /* Frameworks */,
				975BE1211DAF28F900A3AD32 /* Resources */,
			);
			buildRules = (
			);
			dependencies = (
			);
			name = TumblerFeed;
			productName = TumblerFeed;
			productReference = 975BE1231DAF28F900A3AD32 /* TumblerFeed.app */;
			productType = "com.apple.product-type.application";
		};
		975BE1361DAF28F900A3AD32 /* TumblerFeedTests */ = {
			isa = PBXNativeTarget;
			buildConfigurationList = 975BE14E1DAF28FA00A3AD32 /* Build configuration list for PBXNativeTarget "TumblerFeedTests" */;
			buildPhases = (
				975BE1331DAF28F900A3AD32 /* Sources */,
				975BE1341DAF28F900A3AD32 /* Frameworks */,
				975BE1351DAF28F900A3AD32 /* Resources */,
			);
			buildRules = (
			);
			dependencies = (
				975BE1391DAF28F900A3AD32 /* PBXTargetDependency */,
			);
			name = TumblerFeedTests;
			productName = TumblerFeedTests;
			productReference = 975BE1371DAF28F900A3AD32 /* TumblerFeedTests.xctest */;
			productType = "com.apple.product-type.bundle.unit-test";
		};
		975BE1411DAF28FA00A3AD32 /* TumblerFeedUITests */ = {
			isa = PBXNativeTarget;
			buildConfigurationList = 975BE1511DAF28FA00A3AD32 /* Build configuration list for PBXNativeTarget "TumblerFeedUITests" */;
			buildPhases = (
				975BE13E1DAF28FA00A3AD32 /* Sources */,
				975BE13F1DAF28FA00A3AD32 /* Frameworks */,
				975BE1401DAF28FA00A3AD32 /* Resources */,
			);
			buildRules = (
			);
			dependencies = (
				975BE1441DAF28FA00A3AD32 /* PBXTargetDependency */,
			);
			name = TumblerFeedUITests;
			productName = TumblerFeedUITests;
			productReference = 975BE1421DAF28FA00A3AD32 /* TumblerFeedUITests.xctest */;
			productType = "com.apple.product-type.bundle.ui-testing";
		};
/* End PBXNativeTarget section */

/* Begin PBXProject section */
		975BE11B1DAF28F900A3AD32 /* Project object */ = {
			isa = PBXProject;
			attributes = {
				LastSwiftUpdateCheck = 0800;
				LastUpgradeCheck = 0800;
				ORGANIZATIONNAME = "Neha Samant";
				TargetAttributes = {
					975BE1221DAF28F900A3AD32 = {
						CreatedOnToolsVersion = 8.0;
						ProvisioningStyle = Automatic;
					};
					975BE1361DAF28F900A3AD32 = {
						CreatedOnToolsVersion = 8.0;
						ProvisioningStyle = Automatic;
						TestTargetID = 975BE1221DAF28F900A3AD32;
					};
					975BE1411DAF28FA00A3AD32 = {
						CreatedOnToolsVersion = 8.0;
						ProvisioningStyle = Automatic;
						TestTargetID = 975BE1221DAF28F900A3AD32;
					};
				};
			};
			buildConfigurationList = 975BE11E1DAF28F900A3AD32 /* Build configuration list for PBXProject "TumblerFeed" */;
			compatibilityVersion = "Xcode 3.2";
			developmentRegion = English;
			hasScannedForEncodings = 0;
			knownRegions = (
				en,
				Base,
			);
			mainGroup = 975BE11A1DAF28F900A3AD32;
			productRefGroup = 975BE1241DAF28F900A3AD32 /* Products */;
			projectDirPath = "";
			projectRoot = "";
			targets = (
				975BE1221DAF28F900A3AD32 /* TumblerFeed */,
				975BE1361DAF28F900A3AD32 /* TumblerFeedTests */,
				975BE1411DAF28FA00A3AD32 /* TumblerFeedUITests */,
			);
		};
/* End PBXProject section */

/* Begin PBXResourcesBuildPhase section */
		975BE1211DAF28F900A3AD32 /* Resources */ = {
			isa = PBXResourcesBuildPhase;
			buildActionMask = 2147483647;
			files = (
				975BE1311DAF28F900A3AD32 /* LaunchScreen.storyboard in Resources */,
				975BE12E1DAF28F900A3AD32 /* Assets.xcassets in Resources */,
				975BE12C1DAF28F900A3AD32 /* Main.storyboard in Resources */,
			);
			runOnlyForDeploymentPostprocessing = 0;
		};
		975BE1351DAF28F900A3AD32 /* Resources */ = {
			isa = PBXResourcesBuildPhase;
			buildActionMask = 2147483647;
			files = (
			);
			runOnlyForDeploymentPostprocessing = 0;
		};
		975BE1401DAF28FA00A3AD32 /* Resources */ = {
			isa = PBXResourcesBuildPhase;
			buildActionMask = 2147483647;
			files = (
			);
			runOnlyForDeploymentPostprocessing = 0;
		};
/* End PBXResourcesBuildPhase section */

/* Begin PBXSourcesBuildPhase section */
		975BE11F1DAF28F900A3AD32 /* Sources */ = {
			isa = PBXSourcesBuildPhase;
			buildActionMask = 2147483647;
			files = (
				975BE1291DAF28F900A3AD32 /* ViewController.swift in Sources */,
				975BE1271DAF28F900A3AD32 /* AppDelegate.swift in Sources */,
			);
			runOnlyForDeploymentPostprocessing = 0;
		};
		975BE1331DAF28F900A3AD32 /* Sources */ = {
			isa = PBXSourcesBuildPhase;
			buildActionMask = 2147483647;
			files = (
				975BE13C1DAF28FA00A3AD32 /* TumblerFeedTests.swift in Sources */,
			);
			runOnlyForDeploymentPostprocessing = 0;
		};
		975BE13E1DAF28FA00A3AD32 /* Sources */ = {
			isa = PBXSourcesBuildPhase;
			buildActionMask = 2147483647;
			files = (
				975BE1471DAF28FA00A3AD32 /* TumblerFeedUITests.swift in Sources */,
			);
			runOnlyForDeploymentPostprocessing = 0;
		};
/* End PBXSourcesBuildPhase section */

/* Begin PBXTargetDependency section */
		975BE1391DAF28F900A3AD32 /* PBXTargetDependency */ = {
			isa = PBXTargetDependency;
			target = 975BE1221DAF28F900A3AD32 /* TumblerFeed */;
			targetProxy = 975BE1381DAF28F900A3AD32 /* PBXContainerItemProxy */;
		};
		975BE1441DAF28FA00A3AD32 /* PBXTargetDependency */ = {
			isa = PBXTargetDependency;
			target = 975BE1221DAF28F900A3AD32 /* TumblerFeed */;
			targetProxy = 975BE1431DAF28FA00A3AD32 /* PBXContainerItemProxy */;
		};
/* End PBXTargetDependency section */

/* Begin PBXVariantGroup section */
		975BE12A1DAF28F900A3AD32 /* Main.storyboard */ = {
			isa = PBXVariantGroup;
			children = (
				975BE12B1DAF28F900A3AD32 /* Base */,
			);
			name = Main.storyboard;
			sourceTree = "<group>";
		};
		975BE12F1DAF28F900A3AD32 /* LaunchScreen.storyboard */ = {
			isa = PBXVariantGroup;
			children = (
				975BE1301DAF28F900A3AD32 /* Base */,
			);
			name = LaunchScreen.storyboard;
			sourceTree = "<group>";
		};
/* End PBXVariantGroup section */

/* Begin XCBuildConfiguration section */
		975BE1491DAF28FA00A3AD32 /* Debug */ = {
			isa = XCBuildConfiguration;
			buildSettings = {
				ALWAYS_SEARCH_USER_PATHS = NO;
				CLANG_ANALYZER_NONNULL = YES;
				CLANG_CXX_LANGUAGE_STANDARD = "gnu++0x";
				CLANG_CXX_LIBRARY = "libc++";
				CLANG_ENABLE_MODULES = YES;
				CLANG_ENABLE_OBJC_ARC = YES;
				CLANG_WARN_BOOL_CONVERSION = YES;
				CLANG_WARN_CONSTANT_CONVERSION = YES;
				CLANG_WARN_DIRECT_OBJC_ISA_USAGE = YES_ERROR;
				CLANG_WARN_DOCUMENTATION_COMMENTS = YES;
				CLANG_WARN_EMPTY_BODY = YES;
				CLANG_WARN_ENUM_CONVERSION = YES;
				CLANG_WARN_INFINITE_RECURSION = YES;
				CLANG_WARN_INT_CONVERSION = YES;
				CLANG_WARN_OBJC_ROOT_CLASS = YES_ERROR;
				CLANG_WARN_SUSPICIOUS_MOVES = YES;
				CLANG_WARN_UNREACHABLE_CODE = YES;
				CLANG_WARN__DUPLICATE_METHOD_MATCH = YES;
				"CODE_SIGN_IDENTITY[sdk=iphoneos*]" = "iPhone Developer";
				COPY_PHASE_STRIP = NO;
				DEBUG_INFORMATION_FORMAT = dwarf;
				ENABLE_STRICT_OBJC_MSGSEND = YES;
				ENABLE_TESTABILITY = YES;
				GCC_C_LANGUAGE_STANDARD = gnu99;
				GCC_DYNAMIC_NO_PIC = NO;
				GCC_NO_COMMON_BLOCKS = YES;
				GCC_OPTIMIZATION_LEVEL = 0;
				GCC_PREPROCESSOR_DEFINITIONS = (
					"DEBUG=1",
					"$(inherited)",
				);
				GCC_WARN_64_TO_32_BIT_CONVERSION = YES;
				GCC_WARN_ABOUT_RETURN_TYPE = YES_ERROR;
				GCC_WARN_UNDECLARED_SELECTOR = YES;
				GCC_WARN_UNINITIALIZED_AUTOS = YES_AGGRESSIVE;
				GCC_WARN_UNUSED_FUNCTION = YES;
				GCC_WARN_UNUSED_VARIABLE = YES;
				IPHONEOS_DEPLOYMENT_TARGET = 10.0;
				MTL_ENABLE_DEBUG_INFO = YES;
				ONLY_ACTIVE_ARCH = YES;
				SDKROOT = iphoneos;
				SWIFT_ACTIVE_COMPILATION_CONDITIONS = DEBUG;
				SWIFT_OPTIMIZATION_LEVEL = "-Onone";
			};
			name = Debug;
		};
		975BE14A1DAF28FA00A3AD32 /* Release */ = {
			isa = XCBuildConfiguration;
			buildSettings = {
				ALWAYS_SEARCH_USER_PATHS = NO;
				CLANG_ANALYZER_NONNULL = YES;
				CLANG_CXX_LANGUAGE_STANDARD = "gnu++0x";
				CLANG_CXX_LIBRARY = "libc++";
				CLANG_ENABLE_MODULES = YES;
				CLANG_ENABLE_OBJC_ARC = YES;
				CLANG_WARN_BOOL_CONVERSION = YES;
				CLANG_WARN_CONSTANT_CONVERSION = YES;
				CLANG_WARN_DIRECT_OBJC_ISA_USAGE = YES_ERROR;
				CLANG_WARN_DOCUMENTATION_COMMENTS = YES;
				CLANG_WARN_EMPTY_BODY = YES;
				CLANG_WARN_ENUM_CONVERSION = YES;
				CLANG_WARN_INFINITE_RECURSION = YES;
				CLANG_WARN_INT_CONVERSION = YES;
				CLANG_WARN_OBJC_ROOT_CLASS = YES_ERROR;
				CLANG_WARN_SUSPICIOUS_MOVES = YES;
				CLANG_WARN_UNREACHABLE_CODE = YES;
				CLANG_WARN__DUPLICATE_METHOD_MATCH = YES;
				"CODE_SIGN_IDENTITY[sdk=iphoneos*]" = "iPhone Developer";
				COPY_PHASE_STRIP = NO;
				DEBUG_INFORMATION_FORMAT = "dwarf-with-dsym";
				ENABLE_NS_ASSERTIONS = NO;
				ENABLE_STRICT_OBJC_MSGSEND = YES;
				GCC_C_LANGUAGE_STANDARD = gnu99;
				GCC_NO_COMMON_BLOCKS = YES;
				GCC_WARN_64_TO_32_BIT_CONVERSION = YES;
				GCC_WARN_ABOUT_RETURN_TYPE = YES_ERROR;
				GCC_WARN_UNDECLARED_SELECTOR = YES;
				GCC_WARN_UNINITIALIZED_AUTOS = YES_AGGRESSIVE;
				GCC_WARN_UNUSED_FUNCTION = YES;
				GCC_WARN_UNUSED_VARIABLE = YES;
				IPHONEOS_DEPLOYMENT_TARGET = 10.0;
				MTL_ENABLE_DEBUG_INFO = NO;
				SDKROOT = iphoneos;
				SWIFT_OPTIMIZATION_LEVEL = "-Owholemodule";
				VALIDATE_PRODUCT = YES;
			};
			name = Release;
		};
		975BE14C1DAF28FA00A3AD32 /* Debug */ = {
			isa = XCBuildConfiguration;
			buildSettings = {
				ASSETCATALOG_COMPILER_APPICON_NAME = AppIcon;
				INFOPLIST_FILE = TumblerFeed/Info.plist;
				LD_RUNPATH_SEARCH_PATHS = "$(inherited) @executable_path/Frameworks";
				PRODUCT_BUNDLE_IDENTIFIER = com.nsamant.codepath.TumblerFeed.TumblerFeed;
				PRODUCT_NAME = "$(TARGET_NAME)";
				SWIFT_VERSION = 3.0;
			};
			name = Debug;
		};
		975BE14D1DAF28FA00A3AD32 /* Release */ = {
			isa = XCBuildConfiguration;
			buildSettings = {
				ASSETCATALOG_COMPILER_APPICON_NAME = AppIcon;
				INFOPLIST_FILE = TumblerFeed/Info.plist;
				LD_RUNPATH_SEARCH_PATHS = "$(inherited) @executable_path/Frameworks";
				PRODUCT_BUNDLE_IDENTIFIER = com.nsamant.codepath.TumblerFeed.TumblerFeed;
				PRODUCT_NAME = "$(TARGET_NAME)";
				SWIFT_VERSION = 3.0;
			};
			name = Release;
		};
		975BE14F1DAF28FA00A3AD32 /* Debug */ = {
			isa = XCBuildConfiguration;
			buildSettings = {
				ALWAYS_EMBED_SWIFT_STANDARD_LIBRARIES = YES;
				BUNDLE_LOADER = "$(TEST_HOST)";
				INFOPLIST_FILE = TumblerFeedTests/Info.plist;
				LD_RUNPATH_SEARCH_PATHS = "$(inherited) @executable_path/Frameworks @loader_path/Frameworks";
				PRODUCT_BUNDLE_IDENTIFIER = com.nsamant.codepath.TumblerFeed.TumblerFeedTests;
				PRODUCT_NAME = "$(TARGET_NAME)";
				SWIFT_VERSION = 3.0;
				TEST_HOST = "$(BUILT_PRODUCTS_DIR)/TumblerFeed.app/TumblerFeed";
			};
			name = Debug;
		};
		975BE1501DAF28FA00A3AD32 /* Release */ = {
			isa = XCBuildConfiguration;
			buildSettings = {
				ALWAYS_EMBED_SWIFT_STANDARD_LIBRARIES = YES;
				BUNDLE_LOADER = "$(TEST_HOST)";
				INFOPLIST_FILE = TumblerFeedTests/Info.plist;
				LD_RUNPATH_SEARCH_PATHS = "$(inherited) @executable_path/Frameworks @loader_path/Frameworks";
				PRODUCT_BUNDLE_IDENTIFIER = com.nsamant.codepath.TumblerFeed.TumblerFeedTests;
				PRODUCT_NAME = "$(TARGET_NAME)";
				SWIFT_VERSION = 3.0;
				TEST_HOST = "$(BUILT_PRODUCTS_DIR)/TumblerFeed.app/TumblerFeed";
			};
			name = Release;
		};
		975BE1521DAF28FA00A3AD32 /* Debug */ = {
			isa = XCBuildConfiguration;
			buildSettings = {
				ALWAYS_EMBED_SWIFT_STANDARD_LIBRARIES = YES;
				INFOPLIST_FILE = TumblerFeedUITests/Info.plist;
				LD_RUNPATH_SEARCH_PATHS = "$(inherited) @executable_path/Frameworks @loader_path/Frameworks";
				PRODUCT_BUNDLE_IDENTIFIER = com.nsamant.codepath.TumblerFeed.TumblerFeedUITests;
				PRODUCT_NAME = "$(TARGET_NAME)";
				SWIFT_VERSION = 3.0;
				TEST_TARGET_NAME = TumblerFeed;
			};
			name = Debug;
		};
		975BE1531DAF28FA00A3AD32 /* Release */ = {
			isa = XCBuildConfiguration;
			buildSettings = {
				ALWAYS_EMBED_SWIFT_STANDARD_LIBRARIES = YES;
				INFOPLIST_FILE = TumblerFeedUITests/Info.plist;
				LD_RUNPATH_SEARCH_PATHS = "$(inherited) @executable_path/Frameworks @loader_path/Frameworks";
				PRODUCT_BUNDLE_IDENTIFIER = com.nsamant.codepath.TumblerFeed.TumblerFeedUITests;
				PRODUCT_NAME = "$(TARGET_NAME)";
				SWIFT_VERSION = 3.0;
				TEST_TARGET_NAME = TumblerFeed;
			};
			name = Release;
		};
/* End XCBuildConfiguration section */

/* Begin XCConfigurationList section */
		975BE11E1DAF28F900A3AD32 /* Build configuration list for PBXProject "TumblerFeed" */ = {
			isa = XCConfigurationList;
			buildConfigurations = (
				975BE1491DAF28FA00A3AD32 /* Debug */,
				975BE14A1DAF28FA00A3AD32 /* Release */,
			);
			defaultConfigurationIsVisible = 0;
			defaultConfigurationName = Release;
		};
		975BE14B1DAF28FA00A3AD32 /* Build configuration list for PBXNativeTarget "TumblerFeed" */ = {
			isa = XCConfigurationList;
			buildConfigurations = (
				975BE14C1DAF28FA00A3AD32 /* Debug */,
				975BE14D1DAF28FA00A3AD32 /* Release */,
			);
			defaultConfigurationIsVisible = 0;
		};
		975BE14E1DAF28FA00A3AD32 /* Build configuration list for PBXNativeTarget "TumblerFeedTests" */ = {
			isa = XCConfigurationList;
			buildConfigurations = (
				975BE14F1DAF28FA00A3AD32 /* Debug */,
				975BE1501DAF28FA00A3AD32 /* Release */,
			);
			defaultConfigurationIsVisible = 0;
		};
		975BE1511DAF28FA00A3AD32 /* Build configuration list for PBXNativeTarget "TumblerFeedUITests" */ = {
			isa = XCConfigurationList;
			buildConfigurations = (
				975BE1521DAF28FA00A3AD32 /* Debug */,
				975BE1531DAF28FA00A3AD32 /* Release */,
			);
			defaultConfigurationIsVisible = 0;
		};
/* End XCConfigurationList section */
	};
	rootObject = 975BE11B1DAF28F900A3AD32 /* Project object */;
}
